// !$*UTF8*$!
{
	archiveVersion = 1;
	classes = {
	};
	objectVersion = 56;
	objects = {

/* Begin PBXBuildFile section */
		F36E44202A14FA1F008A8072 /* AppDelegate.swift in Sources */ = {isa = PBXBuildFile; fileRef = F36E441F2A14FA1F008A8072 /* AppDelegate.swift */; };
		F36E44222A14FA1F008A8072 /* SceneDelegate.swift in Sources */ = {isa = PBXBuildFile; fileRef = F36E44212A14FA1F008A8072 /* SceneDelegate.swift */; };
		F36E44242A14FA1F008A8072 /* ViewController.swift in Sources */ = {isa = PBXBuildFile; fileRef = F36E44232A14FA1F008A8072 /* ViewController.swift */; };
		F36E44272A14FA1F008A8072 /* Main.storyboard in Resources */ = {isa = PBXBuildFile; fileRef = F36E44252A14FA1F008A8072 /* Main.storyboard */; };
		F36E44292A14FA20008A8072 /* Assets.xcassets in Resources */ = {isa = PBXBuildFile; fileRef = F36E44282A14FA20008A8072 /* Assets.xcassets */; };
		F36E442C2A14FA20008A8072 /* LaunchScreen.storyboard in Resources */ = {isa = PBXBuildFile; fileRef = F36E442A2A14FA20008A8072 /* LaunchScreen.storyboard */; };
		F36E44342A151698008A8072 /* NotificationTableViewCell.swift in Sources */ = {isa = PBXBuildFile; fileRef = F36E44332A151698008A8072 /* NotificationTableViewCell.swift */; };
		F36E44362A169A39008A8072 /* SoundViewController.swift in Sources */ = {isa = PBXBuildFile; fileRef = F36E44352A169A39008A8072 /* SoundViewController.swift */; };
		F36E44382A16A7CA008A8072 /* InAppNotificationController.swift in Sources */ = {isa = PBXBuildFile; fileRef = F36E44372A16A7CA008A8072 /* InAppNotificationController.swift */; };
		F36E443A2A16B8A0008A8072 /* AlertToneViewCell.swift in Sources */ = {isa = PBXBuildFile; fileRef = F36E44392A16B8A0008A8072 /* AlertToneViewCell.swift */; };
/* End PBXBuildFile section */

/* Begin PBXFileReference section */
		F36E441C2A14FA1F008A8072 /* WhatsappNotificationControls.app */ = {isa = PBXFileReference; explicitFileType = wrapper.application; includeInIndex = 0; path = WhatsappNotificationControls.app; sourceTree = BUILT_PRODUCTS_DIR; };
		F36E441F2A14FA1F008A8072 /* AppDelegate.swift */ = {isa = PBXFileReference; lastKnownFileType = sourcecode.swift; path = AppDelegate.swift; sourceTree = "<group>"; };
		F36E44212A14FA1F008A8072 /* SceneDelegate.swift */ = {isa = PBXFileReference; lastKnownFileType = sourcecode.swift; path = SceneDelegate.swift; sourceTree = "<group>"; };
		F36E44232A14FA1F008A8072 /* ViewController.swift */ = {isa = PBXFileReference; lastKnownFileType = sourcecode.swift; path = ViewController.swift; sourceTree = "<group>"; };
		F36E44262A14FA1F008A8072 /* Base */ = {isa = PBXFileReference; lastKnownFileType = file.storyboard; name = Base; path = Base.lproj/Main.storyboard; sourceTree = "<group>"; };
		F36E44282A14FA20008A8072 /* Assets.xcassets */ = {isa = PBXFileReference; lastKnownFileType = folder.assetcatalog; path = Assets.xcassets; sourceTree = "<group>"; };
		F36E442B2A14FA20008A8072 /* Base */ = {isa = PBXFileReference; lastKnownFileType = file.storyboard; name = Base; path = Base.lproj/LaunchScreen.storyboard; sourceTree = "<group>"; };
		F36E442D2A14FA20008A8072 /* Info.plist */ = {isa = PBXFileReference; lastKnownFileType = text.plist.xml; path = Info.plist; sourceTree = "<group>"; };
		F36E44332A151698008A8072 /* NotificationTableViewCell.swift */ = {isa = PBXFileReference; lastKnownFileType = sourcecode.swift; path = NotificationTableViewCell.swift; sourceTree = "<group>"; };
		F36E44352A169A39008A8072 /* SoundViewController.swift */ = {isa = PBXFileReference; lastKnownFileType = sourcecode.swift; path = SoundViewController.swift; sourceTree = "<group>"; };
		F36E44372A16A7CA008A8072 /* InAppNotificationController.swift */ = {isa = PBXFileReference; lastKnownFileType = sourcecode.swift; path = InAppNotificationController.swift; sourceTree = "<group>"; };
		F36E44392A16B8A0008A8072 /* AlertToneViewCell.swift */ = {isa = PBXFileReference; lastKnownFileType = sourcecode.swift; path = AlertToneViewCell.swift; sourceTree = "<group>"; };
/* End PBXFileReference section */

/* Begin PBXFrameworksBuildPhase section */
		F36E44192A14FA1F008A8072 /* Frameworks */ = {
			isa = PBXFrameworksBuildPhase;
			buildActionMask = 2147483647;
			files = (
			);
			runOnlyForDeploymentPostprocessing = 0;
		};
/* End PBXFrameworksBuildPhase section */

/* Begin PBXGroup section */
		F36E44132A14FA1F008A8072 = {
			isa = PBXGroup;
			children = (
				F36E441E2A14FA1F008A8072 /* WhatsappNotificationControls */,
				F36E441D2A14FA1F008A8072 /* Products */,
			);
			sourceTree = "<group>";
		};
		F36E441D2A14FA1F008A8072 /* Products */ = {
			isa = PBXGroup;
			children = (
				F36E441C2A14FA1F008A8072 /* WhatsappNotificationControls.app */,
			);
			name = Products;
			sourceTree = "<group>";
		};
		F36E441E2A14FA1F008A8072 /* WhatsappNotificationControls */ = {
			isa = PBXGroup;
			children = (
				F36E441F2A14FA1F008A8072 /* AppDelegate.swift */,
				F36E44212A14FA1F008A8072 /* SceneDelegate.swift */,
				F36E44232A14FA1F008A8072 /* ViewController.swift */,
				F36E44372A16A7CA008A8072 /* InAppNotificationController.swift */,
				F36E44352A169A39008A8072 /* SoundViewController.swift */,
				F36E44392A16B8A0008A8072 /* AlertToneViewCell.swift */,
				F36E44332A151698008A8072 /* NotificationTableViewCell.swift */,
				F36E44252A14FA1F008A8072 /* Main.storyboard */,
				F36E44282A14FA20008A8072 /* Assets.xcassets */,
				F36E442A2A14FA20008A8072 /* LaunchScreen.storyboard */,
				F36E442D2A14FA20008A8072 /* Info.plist */,
			);
			path = WhatsappNotificationControls;
			sourceTree = "<group>";
		};
/* End PBXGroup section */

/* Begin PBXNativeTarget section */
		F36E441B2A14FA1F008A8072 /* WhatsappNotificationControls */ = {
			isa = PBXNativeTarget;
			buildConfigurationList = F36E44302A14FA20008A8072 /* Build configuration list for PBXNativeTarget "WhatsappNotificationControls" */;
			buildPhases = (
				F36E44182A14FA1F008A8072 /* Sources */,
				F36E44192A14FA1F008A8072 /* Frameworks */,
				F36E441A2A14FA1F008A8072 /* Resources */,
			);
			buildRules = (
			);
			dependencies = (
			);
			name = WhatsappNotificationControls;
			productName = WhatsappNotificationControls;
			productReference = F36E441C2A14FA1F008A8072 /* WhatsappNotificationControls.app */;
			productType = "com.apple.product-type.application";
		};
/* End PBXNativeTarget section */

/* Begin PBXProject section */
		F36E44142A14FA1F008A8072 /* Project object */ = {
			isa = PBXProject;
			attributes = {
				BuildIndependentTargetsInParallel = 1;
				LastSwiftUpdateCheck = 1430;
				LastUpgradeCheck = 1430;
				TargetAttributes = {
					F36E441B2A14FA1F008A8072 = {
						CreatedOnToolsVersion = 14.3;
					};
				};
			};
			buildConfigurationList = F36E44172A14FA1F008A8072 /* Build configuration list for PBXProject "WhatsappNotificationControls" */;
			compatibilityVersion = "Xcode 14.0";
			developmentRegion = en;
			hasScannedForEncodings = 0;
			knownRegions = (
				en,
				Base,
			);
			mainGroup = F36E44132A14FA1F008A8072;
			productRefGroup = F36E441D2A14FA1F008A8072 /* Products */;
			projectDirPath = "";
			projectRoot = "";
			targets = (
				F36E441B2A14FA1F008A8072 /* WhatsappNotificationControls */,
			);
		};
/* End PBXProject section */

/* Begin PBXResourcesBuildPhase section */
		F36E441A2A14FA1F008A8072 /* Resources */ = {
			isa = PBXResourcesBuildPhase;
			buildActionMask = 2147483647;
			files = (
				F36E442C2A14FA20008A8072 /* LaunchScreen.storyboard in Resources */,
				F36E44292A14FA20008A8072 /* Assets.xcassets in Resources */,
				F36E44272A14FA1F008A8072 /* Main.storyboard in Resources */,
			);
			runOnlyForDeploymentPostprocessing = 0;
		};
/* End PBXResourcesBuildPhase section */

/* Begin PBXSourcesBuildPhase section */
		F36E44182A14FA1F008A8072 /* Sources */ = {
			isa = PBXSourcesBuildPhase;
			buildActionMask = 2147483647;
			files = (
				F36E44342A151698008A8072 /* NotificationTableViewCell.swift in Sources */,
				F36E443A2A16B8A0008A8072 /* AlertToneViewCell.swift in Sources */,
				F36E44242A14FA1F008A8072 /* ViewController.swift in Sources */,
				F36E44202A14FA1F008A8072 /* AppDelegate.swift in Sources */,
				F36E44222A14FA1F008A8072 /* SceneDelegate.swift in Sources */,
				F36E44362A169A39008A8072 /* SoundViewController.swift in Sources */,
				F36E44382A16A7CA008A8072 /* InAppNotificationController.swift in Sources */,
			);
			runOnlyForDeploymentPostprocessing = 0;
		};
/* End PBXSourcesBuildPhase section */

/* Begin PBXVariantGroup section */
		F36E44252A14FA1F008A8072 /* Main.storyboard */ = {
			isa = PBXVariantGroup;
			children = (
				F36E44262A14FA1F008A8072 /* Base */,
			);
			name = Main.storyboard;
			sourceTree = "<group>";
		};
		F36E442A2A14FA20008A8072 /* LaunchScreen.storyboard */ = {
			isa = PBXVariantGroup;
			children = (
				F36E442B2A14FA20008A8072 /* Base */,
			);
			name = LaunchScreen.storyboard;
			sourceTree = "<group>";
		};
/* End PBXVariantGroup section */

/* Begin XCBuildConfiguration section */
		F36E442E2A14FA20008A8072 /* Debug */ = {
			isa = XCBuildConfiguration;
			buildSettings = {
				ALWAYS_SEARCH_USER_PATHS = NO;
				CLANG_ANALYZER_NONNULL = YES;
				CLANG_ANALYZER_NUMBER_OBJECT_CONVERSION = YES_AGGRESSIVE;
				CLANG_CXX_LANGUAGE_STANDARD = "gnu++20";
				CLANG_ENABLE_MODULES = YES;
				CLANG_ENABLE_OBJC_ARC = YES;
				CLANG_ENABLE_OBJC_WEAK = YES;
				CLANG_WARN_BLOCK_CAPTURE_AUTORELEASING = YES;
				CLANG_WARN_BOOL_CONVERSION = YES;
				CLANG_WARN_COMMA = YES;
				CLANG_WARN_CONSTANT_CONVERSION = YES;
				CLANG_WARN_DEPRECATED_OBJC_IMPLEMENTATIONS = YES;
				CLANG_WARN_DIRECT_OBJC_ISA_USAGE = YES_ERROR;
				CLANG_WARN_DOCUMENTATION_COMMENTS = YES;
				CLANG_WARN_EMPTY_BODY = YES;
				CLANG_WARN_ENUM_CONVERSION = YES;
				CLANG_WARN_INFINITE_RECURSION = YES;
				CLANG_WARN_INT_CONVERSION = YES;
				CLANG_WARN_NON_LITERAL_NULL_CONVERSION = YES;
				CLANG_WARN_OBJC_IMPLICIT_RETAIN_SELF = YES;
				CLANG_WARN_OBJC_LITERAL_CONVERSION = YES;
				CLANG_WARN_OBJC_ROOT_CLASS = YES_ERROR;
				CLANG_WARN_QUOTED_INCLUDE_IN_FRAMEWORK_HEADER = YES;
				CLANG_WARN_RANGE_LOOP_ANALYSIS = YES;
				CLANG_WARN_STRICT_PROTOTYPES = YES;
				CLANG_WARN_SUSPICIOUS_MOVE = YES;
				CLANG_WARN_UNGUARDED_AVAILABILITY = YES_AGGRESSIVE;
				CLANG_WARN_UNREACHABLE_CODE = YES;
				CLANG_WARN__DUPLICATE_METHOD_MATCH = YES;
				COPY_PHASE_STRIP = NO;
				DEBUG_INFORMATION_FORMAT = dwarf;
				ENABLE_STRICT_OBJC_MSGSEND = YES;
				ENABLE_TESTABILITY = YES;
				GCC_C_LANGUAGE_STANDARD = gnu11;
				GCC_DYNAMIC_NO_PIC = NO;
				GCC_NO_COMMON_BLOCKS = YES;
				GCC_OPTIMIZATION_LEVEL = 0;
				GCC_PREPROCESSOR_DEFINITIONS = (
					"DEBUG=1",
					"$(inherited)",
				);
				GCC_WARN_64_TO_32_BIT_CONVERSION = YES;
				GCC_WARN_ABOUT_RETURN_TYPE = YES_ERROR;
				GCC_WARN_UNDECLARED_SELECTOR = YES;
				GCC_WARN_UNINITIALIZED_AUTOS = YES_AGGRESSIVE;
				GCC_WARN_UNUSED_FUNCTION = YES;
				GCC_WARN_UNUSED_VARIABLE = YES;
				IPHONEOS_DEPLOYMENT_TARGET = 16.4;
				MTL_ENABLE_DEBUG_INFO = INCLUDE_SOURCE;
				MTL_FAST_MATH = YES;
				ONLY_ACTIVE_ARCH = YES;
				SDKROOT = iphoneos;
				SWIFT_ACTIVE_COMPILATION_CONDITIONS = DEBUG;
				SWIFT_OPTIMIZATION_LEVEL = "-Onone";
			};
			name = Debug;
		};
		F36E442F2A14FA20008A8072 /* Release */ = {
			isa = XCBuildConfiguration;
			buildSettings = {
				ALWAYS_SEARCH_USER_PATHS = NO;
				CLANG_ANALYZER_NONNULL = YES;
				CLANG_ANALYZER_NUMBER_OBJECT_CONVERSION = YES_AGGRESSIVE;
				CLANG_CXX_LANGUAGE_STANDARD = "gnu++20";
				CLANG_ENABLE_MODULES = YES;
				CLANG_ENABLE_OBJC_ARC = YES;
				CLANG_ENABLE_OBJC_WEAK = YES;
				CLANG_WARN_BLOCK_CAPTURE_AUTORELEASING = YES;
				CLANG_WARN_BOOL_CONVERSION = YES;
				CLANG_WARN_COMMA = YES;
				CLANG_WARN_CONSTANT_CONVERSION = YES;
				CLANG_WARN_DEPRECATED_OBJC_IMPLEMENTATIONS = YES;
				CLANG_WARN_DIRECT_OBJC_ISA_USAGE = YES_ERROR;
				CLANG_WARN_DOCUMENTATION_COMMENTS = YES;
				CLANG_WARN_EMPTY_BODY = YES;
				CLANG_WARN_ENUM_CONVERSION = YES;
				CLANG_WARN_INFINITE_RECURSION = YES;
				CLANG_WARN_INT_CONVERSION = YES;
				CLANG_WARN_NON_LITERAL_NULL_CONVERSION = YES;
				CLANG_WARN_OBJC_IMPLICIT_RETAIN_SELF = YES;
				CLANG_WARN_OBJC_LITERAL_CONVERSION = YES;
				CLANG_WARN_OBJC_ROOT_CLASS = YES_ERROR;
				CLANG_WARN_QUOTED_INCLUDE_IN_FRAMEWORK_HEADER = YES;
				CLANG_WARN_RANGE_LOOP_ANALYSIS = YES;
				CLANG_WARN_STRICT_PROTOTYPES = YES;
				CLANG_WARN_SUSPICIOUS_MOVE = YES;
				CLANG_WARN_UNGUARDED_AVAILABILITY = YES_AGGRESSIVE;
				CLANG_WARN_UNREACHABLE_CODE = YES;
				CLANG_WARN__DUPLICATE_METHOD_MATCH = YES;
				COPY_PHASE_STRIP = NO;
				DEBUG_INFORMATION_FORMAT = "dwarf-with-dsym";
				ENABLE_NS_ASSERTIONS = NO;
				ENABLE_STRICT_OBJC_MSGSEND = YES;
				GCC_C_LANGUAGE_STANDARD = gnu11;
				GCC_NO_COMMON_BLOCKS = YES;
				GCC_WARN_64_TO_32_BIT_CONVERSION = YES;
				GCC_WARN_ABOUT_RETURN_TYPE = YES_ERROR;
				GCC_WARN_UNDECLARED_SELECTOR = YES;
				GCC_WARN_UNINITIALIZED_AUTOS = YES_AGGRESSIVE;
				GCC_WARN_UNUSED_FUNCTION = YES;
				GCC_WARN_UNUSED_VARIABLE = YES;
				IPHONEOS_DEPLOYMENT_TARGET = 16.4;
				MTL_ENABLE_DEBUG_INFO = NO;
				MTL_FAST_MATH = YES;
				SDKROOT = iphoneos;
				SWIFT_COMPILATION_MODE = wholemodule;
				SWIFT_OPTIMIZATION_LEVEL = "-O";
				VALIDATE_PRODUCT = YES;
			};
			name = Release;
		};
		F36E44312A14FA20008A8072 /* Debug */ = {
			isa = XCBuildConfiguration;
			buildSettings = {
				ASSETCATALOG_COMPILER_APPICON_NAME = AppIcon;
				ASSETCATALOG_COMPILER_GLOBAL_ACCENT_COLOR_NAME = AccentColor;
				CODE_SIGN_STYLE = Automatic;
				CURRENT_PROJECT_VERSION = 1;
				DEVELOPMENT_TEAM = T8C3BDQ5BW;
				GENERATE_INFOPLIST_FILE = YES;
				INFOPLIST_FILE = WhatsappNotificationControls/Info.plist;
				INFOPLIST_KEY_UIApplicationSupportsIndirectInputEvents = YES;
				INFOPLIST_KEY_UILaunchStoryboardName = LaunchScreen;
				INFOPLIST_KEY_UIMainStoryboardFile = Main;
				INFOPLIST_KEY_UISupportedInterfaceOrientations_iPad = "UIInterfaceOrientationPortrait UIInterfaceOrientationPortraitUpsideDown UIInterfaceOrientationLandscapeLeft UIInterfaceOrientationLandscapeRight";
				INFOPLIST_KEY_UISupportedInterfaceOrientations_iPhone = "UIInterfaceOrientationPortrait UIInterfaceOrientationLandscapeLeft UIInterfaceOrientationLandscapeRight";
				LD_RUNPATH_SEARCH_PATHS = (
					"$(inherited)",
					"@executable_path/Frameworks",
				);
				MARKETING_VERSION = 1.0;
				PRODUCT_BUNDLE_IDENTIFIER = com.Futurelane.WhatsappNotificationControls;
				PRODUCT_NAME = "$(TARGET_NAME)";
				SWIFT_EMIT_LOC_STRINGS = YES;
				SWIFT_VERSION = 5.0;
				TARGETED_DEVICE_FAMILY = "1,2";
			};
			name = Debug;
		};
		F36E44322A14FA20008A8072 /* Release */ = {
			isa = XCBuildConfiguration;
			buildSettings = {
				ASSETCATALOG_COMPILER_APPICON_NAME = AppIcon;
				ASSETCATALOG_COMPILER_GLOBAL_ACCENT_COLOR_NAME = AccentColor;
				CODE_SIGN_STYLE = Automatic;
				CURRENT_PROJECT_VERSION = 1;
				DEVELOPMENT_TEAM = T8C3BDQ5BW;
				GENERATE_INFOPLIST_FILE = YES;
				INFOPLIST_FILE = WhatsappNotificationControls/Info.plist;
				INFOPLIST_KEY_UIApplicationSupportsIndirectInputEvents = YES;
				INFOPLIST_KEY_UILaunchStoryboardName = LaunchScreen;
				INFOPLIST_KEY_UIMainStoryboardFile = Main;
				INFOPLIST_KEY_UISupportedInterfaceOrientations_iPad = "UIInterfaceOrientationPortrait UIInterfaceOrientationPortraitUpsideDown UIInterfaceOrientationLandscapeLeft UIInterfaceOrientationLandscapeRight";
				INFOPLIST_KEY_UISupportedInterfaceOrientations_iPhone = "UIInterfaceOrientationPortrait UIInterfaceOrientationLandscapeLeft UIInterfaceOrientationLandscapeRight";
				LD_RUNPATH_SEARCH_PATHS = (
					"$(inherited)",
					"@executable_path/Frameworks",
				);
				MARKETING_VERSION = 1.0;
				PRODUCT_BUNDLE_IDENTIFIER = com.Futurelane.WhatsappNotificationControls;
				PRODUCT_NAME = "$(TARGET_NAME)";
				SWIFT_EMIT_LOC_STRINGS = YES;
				SWIFT_VERSION = 5.0;
				TARGETED_DEVICE_FAMILY = "1,2";
			};
			name = Release;
		};
/* End XCBuildConfiguration section */

/* Begin XCConfigurationList section */
		F36E44172A14FA1F008A8072 /* Build configuration list for PBXProject "WhatsappNotificationControls" */ = {
			isa = XCConfigurationList;
			buildConfigurations = (
				F36E442E2A14FA20008A8072 /* Debug */,
				F36E442F2A14FA20008A8072 /* Release */,
			);
			defaultConfigurationIsVisible = 0;
			defaultConfigurationName = Release;
		};
		F36E44302A14FA20008A8072 /* Build configuration list for PBXNativeTarget "WhatsappNotificationControls" */ = {
			isa = XCConfigurationList;
			buildConfigurations = (
				F36E44312A14FA20008A8072 /* Debug */,
				F36E44322A14FA20008A8072 /* Release */,
			);
			defaultConfigurationIsVisible = 0;
			defaultConfigurationName = Release;
		};
/* End XCConfigurationList section */
	};
	rootObject = F36E44142A14FA1F008A8072 /* Project object */;
}
